
Microsoft Visual Studio Solution File, Format Version 12.00
# Visual Studio 2013
VisualStudioVersion = 12.0.31101.0
MinimumVisualStudioVersion = 10.0.40219.1
Project("{FAE04EC0-301F-11D3-BF4B-00C04F79EFBC}") = "Build", "Build\Build.csproj", "{3BCB0CDA-789D-4220-99BB-AE05C0E3878D}"
EndProject
Project("{FAE04EC0-301F-11D3-BF4B-00C04F79EFBC}") = "ClassLibrary", "ClassLibrary\ClassLibrary.csproj", "{FFA3B583-523E-40A1-BAC6-9F5B1FE37002}"
EndProject
Project("{FAE04EC0-301F-11D3-BF4B-00C04F79EFBC}") = "ConsoleApplication", "ConsoleApplication\ConsoleApplication.csproj", "{0B1D8DCB-3DBD-4786-8261-346C7060C914}"
EndProject
Project("{FAE04EC0-301F-11D3-BF4B-00C04F79EFBC}") = "WebApplication", "WebApplication\WebApplication.csproj", "{8A04C198-26BC-473D-9D1E-8F42B297C1F5}"
EndProject
Project("{FAE04EC0-301F-11D3-BF4B-00C04F79EFBC}") = "WebApplication.Tests", "WebApplication.Tests\WebApplication.Tests.csproj", "{EAE66B73-C885-455C-9830-5EAE2ED3B82D}"
EndProject
Project("{2150E333-8FDC-42A3-9474-1A3956D46DE8}") = ".nuget", ".nuget", "{F5BCADC3-9668-4954-8A57-7C6E66AAA514}"
	ProjectSection(SolutionItems) = preProject
		.nuget\NuGet.Config = .nuget\NuGet.Config
		.nuget\NuGet.exe = .nuget\NuGet.exe
		.nuget\NuGet.targets = .nuget\NuGet.targets
	EndProjectSection
EndProject
Global
	GlobalSection(SolutionConfigurationPlatforms) = preSolution
		Debug|Any CPU = Debug|Any CPU
		Release|Any CPU = Release|Any CPU
	EndGlobalSection
	GlobalSection(ProjectConfigurationPlatforms) = postSolution
		{3BCB0CDA-789D-4220-99BB-AE05C0E3878D}.Debug|Any CPU.ActiveCfg = Debug|Any CPU
		{3BCB0CDA-789D-4220-99BB-AE05C0E3878D}.Debug|Any CPU.Build.0 = Debug|Any CPU
		{3BCB0CDA-789D-4220-99BB-AE05C0E3878D}.Release|Any CPU.ActiveCfg = Release|Any CPU
		{3BCB0CDA-789D-4220-99BB-AE05C0E3878D}.Release|Any CPU.Build.0 = Release|Any CPU
		{FFA3B583-523E-40A1-BAC6-9F5B1FE37002}.Debug|Any CPU.ActiveCfg = Debug|Any CPU
		{FFA3B583-523E-40A1-BAC6-9F5B1FE37002}.Debug|Any CPU.Build.0 = Debug|Any CPU
		{FFA3B583-523E-40A1-BAC6-9F5B1FE37002}.Release|Any CPU.ActiveCfg = Release|Any CPU
		{FFA3B583-523E-40A1-BAC6-9F5B1FE37002}.Release|Any CPU.Build.0 = Release|Any CPU
		{0B1D8DCB-3DBD-4786-8261-346C7060C914}.Debug|Any CPU.ActiveCfg = Debug|Any CPU
		{0B1D8DCB-3DBD-4786-8261-346C7060C914}.Debug|Any CPU.Build.0 = Debug|Any CPU
		{0B1D8DCB-3DBD-4786-8261-346C7060C914}.Release|Any CPU.ActiveCfg = Release|Any CPU
		{0B1D8DCB-3DBD-4786-8261-346C7060C914}.Release|Any CPU.Build.0 = Release|Any CPU
		{8A04C198-26BC-473D-9D1E-8F42B297C1F5}.Debug|Any CPU.ActiveCfg = Debug|Any CPU
		{8A04C198-26BC-473D-9D1E-8F42B297C1F5}.Debug|Any CPU.Build.0 = Debug|Any CPU
		{8A04C198-26BC-473D-9D1E-8F42B297C1F5}.Release|Any CPU.ActiveCfg = Release|Any CPU
		{8A04C198-26BC-473D-9D1E-8F42B297C1F5}.Release|Any CPU.Build.0 = Release|Any CPU
		{EAE66B73-C885-455C-9830-5EAE2ED3B82D}.Debug|Any CPU.ActiveCfg = Debug|Any CPU
		{EAE66B73-C885-455C-9830-5EAE2ED3B82D}.Debug|Any CPU.Build.0 = Debug|Any CPU
		{EAE66B73-C885-455C-9830-5EAE2ED3B82D}.Release|Any CPU.ActiveCfg = Release|Any CPU
		{EAE66B73-C885-455C-9830-5EAE2ED3B82D}.Release|Any CPU.Build.0 = Release|Any CPU
	EndGlobalSection
	GlobalSection(SolutionProperties) = preSolution
		HideSolutionNode = FALSE
	EndGlobalSection
EndGlobal
